{
  "name": "Translate Api",
  "lockfileVersion": 3,
  "requires": true,
  "packages": {
    "": {
      "dependencies": {
        "langbly": "^0.3.0"
      }
    },
    "node_modules/langbly": {
      "version": "0.3.0",
      "resolved": "https://registry.npmjs.org/langbly/-/langbly-0.3.0.tgz",
      "integrity": "sha512-3NK1EbqDj7vs29mPz9nDE1rhMrYessEQ8LmWTEydRI5NE6Vc/Xu3mCMsE2NqxvjSy6twdzhm/CT7vsmI2Xkgzw==",
      "license": "MIT"
    }
  }
}
